
Microsoft Visual Studio Solution File, Format Version 12.00
# Visual Studio Version 16
VisualStudioVersion = 16.0.30717.126
MinimumVisualStudioVersion = 10.0.40219.1
Project("{FAE04EC0-301F-11D3-BF4B-00C04F79EFBC}") = "kursovaya", "kursovaya\kursovaya.csproj", "{7B514D89-D72F-49AE-BEE7-89A7F1D9DB1A}"
EndProject
Global
	GlobalSection(SolutionConfigurationPlatforms) = preSolution
		Debug|Any CPU = Debug|Any CPU
		Release|Any CPU = Release|Any CPU
	EndGlobalSection
	GlobalSection(ProjectConfigurationPlatforms) = postSolution
		{7B514D89-D72F-49AE-BEE7-89A7F1D9DB1A}.Debug|Any CPU.ActiveCfg = Debug|Any CPU
		{7B514D89-D72F-49AE-BEE7-89A7F1D9DB1A}.Debug|Any CPU.Build.0 = Debug|Any CPU
		{7B514D89-D72F-49AE-BEE7-89A7F1D9DB1A}.Release|Any CPU.ActiveCfg = Release|Any CPU
		{7B514D89-D72F-49AE-BEE7-89A7F1D9DB1A}.Release|Any CPU.Build.0 = Release|Any CPU
	EndGlobalSection
	GlobalSection(SolutionProperties) = preSolution
		HideSolutionNode = FALSE
	EndGlobalSection
	GlobalSection(ExtensibilityGlobals) = postSolution
		SolutionGuid = {75832B2C-9142-4E27-9648-87EF220D4445}
	EndGlobalSection
EndGlobal
